// !$*UTF8*$!
{
	archiveVersion = 1;
	classes = {
	};
	objectVersion = 46;
	objects = {
/* Begin PBXBuildFile section */
		0207DA581B56EA530066E2B4 /* Images.xcassets in Resources */ = {isa = PBXBuildFile; fileRef = 0207DA571B56EA530066E2B4 /* Images.xcassets */; };
		04D4AD5B0AE1465B9F487458 /* GCDWebServerFileResponse.m in Sources */ = {isa = PBXBuildFile; fileRef = 950023B02C5C41D0A0F97E57 /* GCDWebServerFileResponse.m */; };
		1D3623260D0F684500981E51 /* AppDelegate.m in Sources */ = {isa = PBXBuildFile; fileRef = 1D3623250D0F684500981E51 /* AppDelegate.m */; };
		1D60589B0D05DD56006BFB54 /* main.m in Sources */ = {isa = PBXBuildFile; fileRef = 29B97316FDCFA39411CA2CEA /* main.m */; };
		256E4853968341D39A0AF401 /* GCDWebServerErrorResponse.m in Sources */ = {isa = PBXBuildFile; fileRef = 30A6995ECB96477DB0A7E231 /* GCDWebServerErrorResponse.m */; };
		301BF552109A68D80062928A /* libCordova.a in Frameworks */ = {isa = PBXBuildFile; fileRef = 301BF535109A57CC0062928A /* libCordova.a */; };
		302D95F114D2391D003F00A1 /* MainViewController.m in Sources */ = {isa = PBXBuildFile; fileRef = 302D95EF14D2391D003F00A1 /* MainViewController.m */; };
		302D95F214D2391D003F00A1 /* MainViewController.xib in Resources */ = {isa = PBXBuildFile; fileRef = 302D95F014D2391D003F00A1 /* MainViewController.xib */; };
		357224B8F8B04B5FA77AE527 /* EventKitUI.framework in Frameworks */ = {isa = PBXBuildFile; fileRef = B9131CB7435645CF86B2C0D8 /* EventKitUI.framework */; };
		371D5983A4E94BF79AF9E6CD /* GCDWebServer.m in Sources */ = {isa = PBXBuildFile; fileRef = 2CBF2BE4D12B41CE863D9F75 /* GCDWebServer.m */; };
		3915C7A2C0D94675AE65728B /* GCDWebServerDataResponse.m in Sources */ = {isa = PBXBuildFile; fileRef = 179DFDDA710946E89FA786A4 /* GCDWebServerDataResponse.m */; };
		41D296DE22AB47E194FA25F3 /* CDVWKProcessPoolFactory.m in Sources */ = {isa = PBXBuildFile; fileRef = E0B5779FEC5C4BD9BE5C7329 /* CDVWKProcessPoolFactory.m */; };
		4F0BE77D5D7544DB9A87EA34 /* GCDWebServerConnection.m in Sources */ = {isa = PBXBuildFile; fileRef = 9BECDC018BB048C58D26FF4D /* GCDWebServerConnection.m */; };
		5A34E27021BA4D1F8B21805A /* EventKit.framework in Frameworks */ = {isa = PBXBuildFile; fileRef = D0F4828D6DDD49CDBE142917 /* EventKit.framework */; };
		5C68866D10FD4EF0AF2BFDD8 /* GCDWebServerFunctions.m in Sources */ = {isa = PBXBuildFile; fileRef = F34A7D8CEA524EF6B3FD0877 /* GCDWebServerFunctions.m */; };
		6AFF5BF91D6E424B00AB3073 /* CDVLaunchScreen.storyboard in Resources */ = {isa = PBXBuildFile; fileRef = 6AFF5BF81D6E424B00AB3073 /* CDVLaunchScreen.storyboard */; };
		71134FFF73E042F39CBE351E /* GCDWebServerMultiPartFormRequest.m in Sources */ = {isa = PBXBuildFile; fileRef = 5A145D9AD0FB40589E427F3E /* GCDWebServerMultiPartFormRequest.m */; };
		72FCF2752C434DCA8D337CD3 /* GCDWebServerResponse.m in Sources */ = {isa = PBXBuildFile; fileRef = 74147352157542488554C5F8 /* GCDWebServerResponse.m */; };
		76B75E47CBC04395B085F500 /* CFCallNumber.m in Sources */ = {isa = PBXBuildFile; fileRef = AF2A5E4FA67B411795E86A21 /* CFCallNumber.m */; };
		7DFA166E35D9487F88596886 /* GCDWebServerStreamedResponse.m in Sources */ = {isa = PBXBuildFile; fileRef = 64E947FA1C6D4DBF9550F873 /* GCDWebServerStreamedResponse.m */; };
		8AACE96C96904F26802BD575 /* SocialSharing.m in Sources */ = {isa = PBXBuildFile; fileRef = 2172979E6B2F4191B683B27E /* SocialSharing.m */; };
		9017D8191B474C0394E9E1AE /* CDVWKWebViewUIDelegate.m in Sources */ = {isa = PBXBuildFile; fileRef = 88A081ACA94F41838BD7FF43 /* CDVWKWebViewUIDelegate.m */; };
		94E89EDA57FB49C6A6B8F3B3 /* CDVDevice.m in Sources */ = {isa = PBXBuildFile; fileRef = 73D93AC50CC140248F365DBF /* CDVDevice.m */; };
		98C0DCF39B104960BB35757D /* MessageUI.framework in Frameworks */ = {isa = PBXBuildFile; fileRef = BEC16E14F9714913AA8AAE30 /* MessageUI.framework */; settings = {ATTRIBUTES = (Weak, ); }; };
		9C62802356AC41E29DB92917 /* GCDWebServerDataRequest.m in Sources */ = {isa = PBXBuildFile; fileRef = 292922E2D16649DE9C94F97A /* GCDWebServerDataRequest.m */; };
		9F2944CD0E4F4086963A8C50 /* DatePicker.m in Sources */ = {isa = PBXBuildFile; fileRef = 7EE85A5970924866B4487021 /* DatePicker.m */; };
		A00CB5B338F5457E8E3F7221 /* CDVViewController+SplashScreen.m in Sources */ = {isa = PBXBuildFile; fileRef = B88D48397FEE42ACAE9BE67D /* CDVViewController+SplashScreen.m */; };
		AC6AFA3C71334EB1A1D2DBB4 /* IonicKeyboard.m in Sources */ = {isa = PBXBuildFile; fileRef = EFF81E1257C04B4AB52BB0A2 /* IonicKeyboard.m */; };
		B9681FF893BC410EB61C61B1 /* CDVLogger.m in Sources */ = {isa = PBXBuildFile; fileRef = B8507416E1E144CFA11CF1DD /* CDVLogger.m */; };
		BF7F8A6E32864932B6B5F637 /* GCDWebServerFileRequest.m in Sources */ = {isa = PBXBuildFile; fileRef = F35506C24BE94CED92E4C619 /* GCDWebServerFileRequest.m */; };
		C591C8F74418470FA2C5D2FF /* CDVStatusBar.m in Sources */ = {isa = PBXBuildFile; fileRef = E04B1F094F1A4A13B8A926D9 /* CDVStatusBar.m */; };
		C93255CC3ED0434AA590C5CB /* Calendar.m in Sources */ = {isa = PBXBuildFile; fileRef = 97588E246358427D8C6FCAB5 /* Calendar.m */; };
		CA04EFBD49B64942A83BA18C /* DatePicker.xib in Resources */ = {isa = PBXBuildFile; fileRef = 0E33055EF6B8415AB0B558EF /* DatePicker.xib */; };
		D0243A99029A4EF79AC24D8E /* libz.tbd in Frameworks */ = {isa = PBXBuildFile; fileRef = 6264B5807127439F806E9B9B /* libz.tbd */; };
		D12989ED3AC84997A6A9BF8D /* Social.framework in Frameworks */ = {isa = PBXBuildFile; fileRef = 2101E25CE3D045FA9CF3EB2B /* Social.framework */; settings = {ATTRIBUTES = (Weak, ); }; };
		D4DAA003E199414C9A58394D /* GCDWebServerRequest.m in Sources */ = {isa = PBXBuildFile; fileRef = 561778E4FB6040119B3D5A20 /* GCDWebServerRequest.m */; };
		DA0673F2BE3E4BDF9B39496F /* CDVWKWebViewEngine.m in Sources */ = {isa = PBXBuildFile; fileRef = A6F9B92E4ECD446E8075321A /* CDVWKWebViewEngine.m */; };
		E4BE7B2C51FC40F2B09A18AE /* CDVInAppBrowser.m in Sources */ = {isa = PBXBuildFile; fileRef = 43C052ED50FA4FB5AE59DC20 /* CDVInAppBrowser.m */; };
		E52C0FD4789C45C18E3C3A6A /* WebKit.framework in Frameworks */ = {isa = PBXBuildFile; fileRef = FCE6682CD8E94152A2F6BD46 /* WebKit.framework */; settings = {ATTRIBUTES = (Weak, ); }; };
		EF29E27792F24B5BA33658AE /* CDVSplashScreen.m in Sources */ = {isa = PBXBuildFile; fileRef = 7F534262A8E943E980ECBF3B /* CDVSplashScreen.m */; };
		F5B2D464D20E44C7B42B639F /* NSString+SSURLEncoding.m in Sources */ = {isa = PBXBuildFile; fileRef = E8F2222F022048629C1738A0 /* NSString+SSURLEncoding.m */; };
		FD011149DBEF48DB83B548FA /* GCDWebServerURLEncodedFormRequest.m in Sources */ = {isa = PBXBuildFile; fileRef = D3051A8877C5443A99EDAA8F /* GCDWebServerURLEncodedFormRequest.m */; };
/* End PBXBuildFile section */

/* Begin PBXContainerItemProxy section */
		301BF534109A57CC0062928A /* PBXContainerItemProxy */ = {
			isa = PBXContainerItemProxy;
			containerPortal = 301BF52D109A57CC0062928A /* CordovaLib/CordovaLib.xcodeproj */;
			proxyType = 2;
			remoteGlobalIDString = D2AAC07E0554694100DB518D;
			remoteInfo = CordovaLib;
		};
		301BF550109A68C00062928A /* PBXContainerItemProxy */ = {
			isa = PBXContainerItemProxy;
			containerPortal = 301BF52D109A57CC0062928A /* CordovaLib/CordovaLib.xcodeproj */;
			proxyType = 1;
			remoteGlobalIDString = D2AAC07D0554694100DB518D;
			remoteInfo = CordovaLib;
		};
		C58F4EAA1F5863ED0056EC91 /* PBXContainerItemProxy */ = {
			isa = PBXContainerItemProxy;
			containerPortal = 301BF52D109A57CC0062928A /* CordovaLib/CordovaLib.xcodeproj */;
			proxyType = 2;
			remoteGlobalIDString = C0C01EB21E3911D50056E6CB;
			remoteInfo = Cordova;
		};
/* End PBXContainerItemProxy section */

/* Begin PBXFileReference section */
		0207DA571B56EA530066E2B4 /* Images.xcassets */ = {isa = PBXFileReference; lastKnownFileType = folder.assetcatalog; name = Images.xcassets; path = "PostScript Data/Images.xcassets"; sourceTree = SOURCE_ROOT; };
		0270EB50E61548C5AA2682DA /* CDVWKWebViewEngine.h */ = {isa = PBXFileReference; explicitFileType = undefined; fileEncoding = 4; includeInIndex = 0; lastKnownFileType = sourcecode.c.h; name = CDVWKWebViewEngine.h; path = "cordova-plugin-wkwebview-engine/CDVWKWebViewEngine.h"; sourceTree = "<group>"; };
		069195DC4F8E4781A797CFF5 /* GCDWebServerFileResponse.h */ = {isa = PBXFileReference; explicitFileType = undefined; fileEncoding = 4; includeInIndex = 0; lastKnownFileType = sourcecode.c.h; name = GCDWebServerFileResponse.h; path = "cordova-plugin-wkwebview-engine/GCDWebServerFileResponse.h"; sourceTree = "<group>"; };
		07DA1D466A774A858460448C /* NSString+SSURLEncoding.h */ = {isa = PBXFileReference; explicitFileType = undefined; fileEncoding = 4; includeInIndex = 0; lastKnownFileType = sourcecode.c.h; name = "NSString+SSURLEncoding.h"; path = "cordova-plugin-x-socialsharing/NSString+SSURLEncoding.h"; sourceTree = "<group>"; };
		0E33055EF6B8415AB0B558EF /* DatePicker.xib */ = {isa = PBXFileReference; explicitFileType = undefined; fileEncoding = 9; includeInIndex = 0; lastKnownFileType = file.xib; path = DatePicker.xib; sourceTree = "<group>"; };
		179DFDDA710946E89FA786A4 /* GCDWebServerDataResponse.m */ = {isa = PBXFileReference; explicitFileType = undefined; fileEncoding = 4; includeInIndex = 0; lastKnownFileType = sourcecode.c.objc; name = GCDWebServerDataResponse.m; path = "cordova-plugin-wkwebview-engine/GCDWebServerDataResponse.m"; sourceTree = "<group>"; };
		1B1DBC343C5642E582E5F232 /* GCDWebServerResponse.h */ = {isa = PBXFileReference; explicitFileType = undefined; fileEncoding = 4; includeInIndex = 0; lastKnownFileType = sourcecode.c.h; name = GCDWebServerResponse.h; path = "cordova-plugin-wkwebview-engine/GCDWebServerResponse.h"; sourceTree = "<group>"; };
		1D3623240D0F684500981E51 /* AppDelegate.h */ = {isa = PBXFileReference; fileEncoding = 4; lastKnownFileType = sourcecode.c.h; path = AppDelegate.h; sourceTree = "<group>"; };
		1D3623250D0F684500981E51 /* AppDelegate.m */ = {isa = PBXFileReference; fileEncoding = 4; lastKnownFileType = sourcecode.c.objc; path = AppDelegate.m; sourceTree = "<group>"; };
		1D6058910D05DD3D006BFB54 /* PostScript Data.app */ = {isa = PBXFileReference; explicitFileType = wrapper.application; includeInIndex = 0; path = "PostScript Data.app"; sourceTree = BUILT_PRODUCTS_DIR; };
		2101E25CE3D045FA9CF3EB2B /* Social.framework */ = {isa = PBXFileReference; explicitFileType = undefined; fileEncoding = 9; includeInIndex = 0; lastKnownFileType = wrapper.framework; name = Social.framework; path = System/Library/Frameworks/Social.framework; sourceTree = SDKROOT; };
		2172979E6B2F4191B683B27E /* SocialSharing.m */ = {isa = PBXFileReference; explicitFileType = undefined; fileEncoding = 4; includeInIndex = 0; lastKnownFileType = sourcecode.c.objc; name = SocialSharing.m; path = "cordova-plugin-x-socialsharing/SocialSharing.m"; sourceTree = "<group>"; };
		22BFC1A41025449DA00E40E7 /* DatePicker.h */ = {isa = PBXFileReference; explicitFileType = undefined; fileEncoding = 4; includeInIndex = 0; lastKnownFileType = sourcecode.c.h; name = DatePicker.h; path = "cordova-plugin-datepicker/DatePicker.h"; sourceTree = "<group>"; };
		2551ACE09648465A935ED9C3 /* GCDWebServerConnection.h */ = {isa = PBXFileReference; explicitFileType = undefined; fileEncoding = 4; includeInIndex = 0; lastKnownFileType = sourcecode.c.h; name = GCDWebServerConnection.h; path = "cordova-plugin-wkwebview-engine/GCDWebServerConnection.h"; sourceTree = "<group>"; };
		292922E2D16649DE9C94F97A /* GCDWebServerDataRequest.m */ = {isa = PBXFileReference; explicitFileType = undefined; fileEncoding = 4; includeInIndex = 0; lastKnownFileType = sourcecode.c.objc; name = GCDWebServerDataRequest.m; path = "cordova-plugin-wkwebview-engine/GCDWebServerDataRequest.m"; sourceTree = "<group>"; };
		29B97316FDCFA39411CA2CEA /* main.m */ = {isa = PBXFileReference; fileEncoding = 4; lastKnownFileType = sourcecode.c.objc; path = main.m; sourceTree = "<group>"; };
		2CBF2BE4D12B41CE863D9F75 /* GCDWebServer.m */ = {isa = PBXFileReference; explicitFileType = undefined; fileEncoding = 4; includeInIndex = 0; lastKnownFileType = sourcecode.c.objc; name = GCDWebServer.m; path = "cordova-plugin-wkwebview-engine/GCDWebServer.m"; sourceTree = "<group>"; };
		301BF52D109A57CC0062928A /* CordovaLib/CordovaLib.xcodeproj */ = {isa = PBXFileReference; lastKnownFileType = "wrapper.pb-project"; path = CordovaLib/CordovaLib.xcodeproj; sourceTree = "<group>"; };
		301BF56E109A69640062928A /* www */ = {isa = PBXFileReference; lastKnownFileType = folder; path = www; sourceTree = SOURCE_ROOT; };
		302D95EE14D2391D003F00A1 /* MainViewController.h */ = {isa = PBXFileReference; fileEncoding = 4; lastKnownFileType = sourcecode.c.h; path = MainViewController.h; sourceTree = "<group>"; };
		302D95EF14D2391D003F00A1 /* MainViewController.m */ = {isa = PBXFileReference; fileEncoding = 4; lastKnownFileType = sourcecode.c.objc; path = MainViewController.m; sourceTree = "<group>"; };
		302D95F014D2391D003F00A1 /* MainViewController.xib */ = {isa = PBXFileReference; fileEncoding = 4; lastKnownFileType = file.xib; path = MainViewController.xib; sourceTree = "<group>"; };
		3047A50F1AB8059700498E2A /* build-debug.xcconfig */ = {isa = PBXFileReference; fileEncoding = 4; lastKnownFileType = text.xcconfig; name = "build-debug.xcconfig"; path = "cordova/build-debug.xcconfig"; sourceTree = SOURCE_ROOT; };
		3047A5101AB8059700498E2A /* build-release.xcconfig */ = {isa = PBXFileReference; fileEncoding = 4; lastKnownFileType = text.xcconfig; name = "build-release.xcconfig"; path = "cordova/build-release.xcconfig"; sourceTree = SOURCE_ROOT; };
		3047A5111AB8059700498E2A /* build.xcconfig */ = {isa = PBXFileReference; fileEncoding = 4; lastKnownFileType = text.xcconfig; name = build.xcconfig; path = cordova/build.xcconfig; sourceTree = SOURCE_ROOT; };
		30A6995ECB96477DB0A7E231 /* GCDWebServerErrorResponse.m */ = {isa = PBXFileReference; explicitFileType = undefined; fileEncoding = 4; includeInIndex = 0; lastKnownFileType = sourcecode.c.objc; name = GCDWebServerErrorResponse.m; path = "cordova-plugin-wkwebview-engine/GCDWebServerErrorResponse.m"; sourceTree = "<group>"; };
		31535696890D45219633DE9F /* SocialSharing.h */ = {isa = PBXFileReference; explicitFileType = undefined; fileEncoding = 4; includeInIndex = 0; lastKnownFileType = sourcecode.c.h; name = SocialSharing.h; path = "cordova-plugin-x-socialsharing/SocialSharing.h"; sourceTree = "<group>"; };
		32CA4F630368D1EE00C91783 /* PostScript Data-Prefix.pch */ = {isa = PBXFileReference; fileEncoding = 4; lastKnownFileType = sourcecode.c.h; path = "PostScript Data-Prefix.pch"; sourceTree = "<group>"; };
		43C052ED50FA4FB5AE59DC20 /* CDVInAppBrowser.m */ = {isa = PBXFileReference; explicitFileType = undefined; fileEncoding = 4; includeInIndex = 0; lastKnownFileType = sourcecode.c.objc; name = CDVInAppBrowser.m; path = "cordova-plugin-inappbrowser/CDVInAppBrowser.m"; sourceTree = "<group>"; };
		4BFC11321BC24106AADD449D /* GCDWebServerDataRequest.h */ = {isa = PBXFileReference; explicitFileType = undefined; fileEncoding = 4; includeInIndex = 0; lastKnownFileType = sourcecode.c.h; name = GCDWebServerDataRequest.h; path = "cordova-plugin-wkwebview-engine/GCDWebServerDataRequest.h"; sourceTree = "<group>"; };
		4CBF568EC96A4436A3184E11 /* GCDWebServerPrivate.h */ = {isa = PBXFileReference; explicitFileType = undefined; fileEncoding = 4; includeInIndex = 0; lastKnownFileType = sourcecode.c.h; name = GCDWebServerPrivate.h; path = "cordova-plugin-wkwebview-engine/GCDWebServerPrivate.h"; sourceTree = "<group>"; };
		4F2C6B3088B24E6F96660BF6 /* GCDWebServerHTTPStatusCodes.h */ = {isa = PBXFileReference; explicitFileType = undefined; fileEncoding = 4; includeInIndex = 0; lastKnownFileType = sourcecode.c.h; name = GCDWebServerHTTPStatusCodes.h; path = "cordova-plugin-wkwebview-engine/GCDWebServerHTTPStatusCodes.h"; sourceTree = "<group>"; };
		561778E4FB6040119B3D5A20 /* GCDWebServerRequest.m */ = {isa = PBXFileReference; explicitFileType = undefined; fileEncoding = 4; includeInIndex = 0; lastKnownFileType = sourcecode.c.objc; name = GCDWebServerRequest.m; path = "cordova-plugin-wkwebview-engine/GCDWebServerRequest.m"; sourceTree = "<group>"; };
		5A145D9AD0FB40589E427F3E /* GCDWebServerMultiPartFormRequest.m */ = {isa = PBXFileReference; explicitFileType = undefined; fileEncoding = 4; includeInIndex = 0; lastKnownFileType = sourcecode.c.objc; name = GCDWebServerMultiPartFormRequest.m; path = "cordova-plugin-wkwebview-engine/GCDWebServerMultiPartFormRequest.m"; sourceTree = "<group>"; };
		6264B5807127439F806E9B9B /* libz.tbd */ = {isa = PBXFileReference; explicitFileType = undefined; fileEncoding = 9; includeInIndex = 0; lastKnownFileType = "sourcecode.text-based-dylib-definition"; name = libz.tbd; path = usr/lib/libz.tbd; sourceTree = SDKROOT; };
		64E947FA1C6D4DBF9550F873 /* GCDWebServerStreamedResponse.m */ = {isa = PBXFileReference; explicitFileType = undefined; fileEncoding = 4; includeInIndex = 0; lastKnownFileType = sourcecode.c.objc; name = GCDWebServerStreamedResponse.m; path = "cordova-plugin-wkwebview-engine/GCDWebServerStreamedResponse.m"; sourceTree = "<group>"; };
		6AFF5BF81D6E424B00AB3073 /* CDVLaunchScreen.storyboard */ = {isa = PBXFileReference; fileEncoding = 4; lastKnownFileType = file.storyboard; name = CDVLaunchScreen.storyboard; path = "PostScript Data/CDVLaunchScreen.storyboard"; sourceTree = SOURCE_ROOT; };
		6BF9A8C7A8204A99BF30F8B3 /* GCDWebServerMultiPartFormRequest.h */ = {isa = PBXFileReference; explicitFileType = undefined; fileEncoding = 4; includeInIndex = 0; lastKnownFileType = sourcecode.c.h; name = GCDWebServerMultiPartFormRequest.h; path = "cordova-plugin-wkwebview-engine/GCDWebServerMultiPartFormRequest.h"; sourceTree = "<group>"; };
		71C84B209AF34FF3ADA2C09C /* GCDWebServerRequest.h */ = {isa = PBXFileReference; explicitFileType = undefined; fileEncoding = 4; includeInIndex = 0; lastKnownFileType = sourcecode.c.h; name = GCDWebServerRequest.h; path = "cordova-plugin-wkwebview-engine/GCDWebServerRequest.h"; sourceTree = "<group>"; };
		73D93AC50CC140248F365DBF /* CDVDevice.m */ = {isa = PBXFileReference; explicitFileType = undefined; fileEncoding = 4; includeInIndex = 0; lastKnownFileType = sourcecode.c.objc; name = CDVDevice.m; path = "cordova-plugin-device/CDVDevice.m"; sourceTree = "<group>"; };
		74147352157542488554C5F8 /* GCDWebServerResponse.m */ = {isa = PBXFileReference; explicitFileType = undefined; fileEncoding = 4; includeInIndex = 0; lastKnownFileType = sourcecode.c.objc; name = GCDWebServerResponse.m; path = "cordova-plugin-wkwebview-engine/GCDWebServerResponse.m"; sourceTree = "<group>"; };
		74C97261740148D3B09D7D06 /* CDVInAppBrowser.h */ = {isa = PBXFileReference; explicitFileType = undefined; fileEncoding = 4; includeInIndex = 0; lastKnownFileType = sourcecode.c.h; name = CDVInAppBrowser.h; path = "cordova-plugin-inappbrowser/CDVInAppBrowser.h"; sourceTree = "<group>"; };
		78C1BAB44898470694B6428F /* GCDWebServerDataResponse.h */ = {isa = PBXFileReference; explicitFileType = undefined; fileEncoding = 4; includeInIndex = 0; lastKnownFileType = sourcecode.c.h; name = GCDWebServerDataResponse.h; path = "cordova-plugin-wkwebview-engine/GCDWebServerDataResponse.h"; sourceTree = "<group>"; };
		7EE85A5970924866B4487021 /* DatePicker.m */ = {isa = PBXFileReference; explicitFileType = undefined; fileEncoding = 4; includeInIndex = 0; lastKnownFileType = sourcecode.c.objc; name = DatePicker.m; path = "cordova-plugin-datepicker/DatePicker.m"; sourceTree = "<group>"; };
		7F534262A8E943E980ECBF3B /* CDVSplashScreen.m */ = {isa = PBXFileReference; explicitFileType = undefined; fileEncoding = 4; includeInIndex = 0; lastKnownFileType = sourcecode.c.objc; name = CDVSplashScreen.m; path = "cordova-plugin-splashscreen/CDVSplashScreen.m"; sourceTree = "<group>"; };
		8144D39E5A024B97A9268BA9 /* GCDWebServerFileRequest.h */ = {isa = PBXFileReference; explicitFileType = undefined; fileEncoding = 4; includeInIndex = 0; lastKnownFileType = sourcecode.c.h; name = GCDWebServerFileRequest.h; path = "cordova-plugin-wkwebview-engine/GCDWebServerFileRequest.h"; sourceTree = "<group>"; };
		88A081ACA94F41838BD7FF43 /* CDVWKWebViewUIDelegate.m */ = {isa = PBXFileReference; explicitFileType = undefined; fileEncoding = 4; includeInIndex = 0; lastKnownFileType = sourcecode.c.objc; name = CDVWKWebViewUIDelegate.m; path = "cordova-plugin-wkwebview-engine/CDVWKWebViewUIDelegate.m"; sourceTree = "<group>"; };
		8C9F44F30B22461980EF1961 /* GCDWebServerErrorResponse.h */ = {isa = PBXFileReference; explicitFileType = undefined; fileEncoding = 4; includeInIndex = 0; lastKnownFileType = sourcecode.c.h; name = GCDWebServerErrorResponse.h; path = "cordova-plugin-wkwebview-engine/GCDWebServerErrorResponse.h"; sourceTree = "<group>"; };
		8D1107310486CEB800E47090 /* PostScript Data-Info.plist */ = {isa = PBXFileReference; fileEncoding = 4; lastKnownFileType = text.plist.xml; name = "PostScript Data-Info.plist"; path = "PostScript Data/PostScript Data-Info.plist"; plistStructureDefinitionIdentifier = "com.apple.xcode.plist.structure-definition.iphone.info-plist"; sourceTree = SOURCE_ROOT; };
		94121F0A82CF4E2B9A61E392 /* GCDWebServerFunctions.h */ = {isa = PBXFileReference; explicitFileType = undefined; fileEncoding = 4; includeInIndex = 0; lastKnownFileType = sourcecode.c.h; name = GCDWebServerFunctions.h; path = "cordova-plugin-wkwebview-engine/GCDWebServerFunctions.h"; sourceTree = "<group>"; };
		950023B02C5C41D0A0F97E57 /* GCDWebServerFileResponse.m */ = {isa = PBXFileReference; explicitFileType = undefined; fileEncoding = 4; includeInIndex = 0; lastKnownFileType = sourcecode.c.objc; name = GCDWebServerFileResponse.m; path = "cordova-plugin-wkwebview-engine/GCDWebServerFileResponse.m"; sourceTree = "<group>"; };
		97588E246358427D8C6FCAB5 /* Calendar.m */ = {isa = PBXFileReference; explicitFileType = undefined; fileEncoding = 4; includeInIndex = 0; lastKnownFileType = sourcecode.c.objc; name = Calendar.m; path = "cordova-plugin-calendar/Calendar.m"; sourceTree = "<group>"; };
		9916F9434C7840F5847C5275 /* CDVViewController+SplashScreen.h */ = {isa = PBXFileReference; explicitFileType = undefined; fileEncoding = 4; includeInIndex = 0; lastKnownFileType = sourcecode.c.h; name = "CDVViewController+SplashScreen.h"; path = "cordova-plugin-splashscreen/CDVViewController+SplashScreen.h"; sourceTree = "<group>"; };
		9BA814E7AED546A1AE627054 /* CDVSplashScreen.h */ = {isa = PBXFileReference; explicitFileType = undefined; fileEncoding = 4; includeInIndex = 0; lastKnownFileType = sourcecode.c.h; name = CDVSplashScreen.h; path = "cordova-plugin-splashscreen/CDVSplashScreen.h"; sourceTree = "<group>"; };
		9BECDC018BB048C58D26FF4D /* GCDWebServerConnection.m */ = {isa = PBXFileReference; explicitFileType = undefined; fileEncoding = 4; includeInIndex = 0; lastKnownFileType = sourcecode.c.objc; name = GCDWebServerConnection.m; path = "cordova-plugin-wkwebview-engine/GCDWebServerConnection.m"; sourceTree = "<group>"; };
		A6F9B92E4ECD446E8075321A /* CDVWKWebViewEngine.m */ = {isa = PBXFileReference; explicitFileType = undefined; fileEncoding = 4; includeInIndex = 0; lastKnownFileType = sourcecode.c.objc; name = CDVWKWebViewEngine.m; path = "cordova-plugin-wkwebview-engine/CDVWKWebViewEngine.m"; sourceTree = "<group>"; };
		AF2A5E4FA67B411795E86A21 /* CFCallNumber.m */ = {isa = PBXFileReference; explicitFileType = undefined; fileEncoding = 4; includeInIndex = 0; lastKnownFileType = sourcecode.c.objc; name = CFCallNumber.m; path = "call-number/CFCallNumber.m"; sourceTree = "<group>"; };
		B8507416E1E144CFA11CF1DD /* CDVLogger.m */ = {isa = PBXFileReference; explicitFileType = undefined; fileEncoding = 4; includeInIndex = 0; lastKnownFileType = sourcecode.c.objc; name = CDVLogger.m; path = "cordova-plugin-console/CDVLogger.m"; sourceTree = "<group>"; };
		B88D48397FEE42ACAE9BE67D /* CDVViewController+SplashScreen.m */ = {isa = PBXFileReference; explicitFileType = undefined; fileEncoding = 4; includeInIndex = 0; lastKnownFileType = sourcecode.c.objc; name = "CDVViewController+SplashScreen.m"; path = "cordova-plugin-splashscreen/CDVViewController+SplashScreen.m"; sourceTree = "<group>"; };
		B9131CB7435645CF86B2C0D8 /* EventKitUI.framework */ = {isa = PBXFileReference; explicitFileType = undefined; fileEncoding = 9; includeInIndex = 0; lastKnownFileType = wrapper.framework; name = EventKitUI.framework; path = System/Library/Frameworks/EventKitUI.framework; sourceTree = SDKROOT; };
		BEC16E14F9714913AA8AAE30 /* MessageUI.framework */ = {isa = PBXFileReference; explicitFileType = undefined; fileEncoding = 9; includeInIndex = 0; lastKnownFileType = wrapper.framework; name = MessageUI.framework; path = System/Library/Frameworks/MessageUI.framework; sourceTree = SDKROOT; };
		BF8800D6FF004315B1CB3DA8 /* GCDWebServer.h */ = {isa = PBXFileReference; explicitFileType = undefined; fileEncoding = 4; includeInIndex = 0; lastKnownFileType = sourcecode.c.h; name = GCDWebServer.h; path = "cordova-plugin-wkwebview-engine/GCDWebServer.h"; sourceTree = "<group>"; };
		C025994715AD4676A5A81F9F /* CDVStatusBar.h */ = {isa = PBXFileReference; explicitFileType = undefined; fileEncoding = 4; includeInIndex = 0; lastKnownFileType = sourcecode.c.h; name = CDVStatusBar.h; path = "cordova-plugin-statusbar/CDVStatusBar.h"; sourceTree = "<group>"; };
		C4C1402823324EA58033AC27 /* CFCallNumber.h */ = {isa = PBXFileReference; explicitFileType = undefined; fileEncoding = 4; includeInIndex = 0; lastKnownFileType = sourcecode.c.h; name = CFCallNumber.h; path = "call-number/CFCallNumber.h"; sourceTree = "<group>"; };
		C67B327B7FF0404F80ABF584 /* CDVWKWebViewUIDelegate.h */ = {isa = PBXFileReference; explicitFileType = undefined; fileEncoding = 4; includeInIndex = 0; lastKnownFileType = sourcecode.c.h; name = CDVWKWebViewUIDelegate.h; path = "cordova-plugin-wkwebview-engine/CDVWKWebViewUIDelegate.h"; sourceTree = "<group>"; };
		CB35F16406EA441D8CDE7943 /* GCDWebServerStreamedResponse.h */ = {isa = PBXFileReference; explicitFileType = undefined; fileEncoding = 4; includeInIndex = 0; lastKnownFileType = sourcecode.c.h; name = GCDWebServerStreamedResponse.h; path = "cordova-plugin-wkwebview-engine/GCDWebServerStreamedResponse.h"; sourceTree = "<group>"; };
		D0F4828D6DDD49CDBE142917 /* EventKit.framework */ = {isa = PBXFileReference; explicitFileType = undefined; fileEncoding = 9; includeInIndex = 0; lastKnownFileType = wrapper.framework; name = EventKit.framework; path = System/Library/Frameworks/EventKit.framework; sourceTree = SDKROOT; };
		D3051A8877C5443A99EDAA8F /* GCDWebServerURLEncodedFormRequest.m */ = {isa = PBXFileReference; explicitFileType = undefined; fileEncoding = 4; includeInIndex = 0; lastKnownFileType = sourcecode.c.objc; name = GCDWebServerURLEncodedFormRequest.m; path = "cordova-plugin-wkwebview-engine/GCDWebServerURLEncodedFormRequest.m"; sourceTree = "<group>"; };
		D3E7339EF26040F186A51EE6 /* CDVWKProcessPoolFactory.h */ = {isa = PBXFileReference; explicitFileType = undefined; fileEncoding = 4; includeInIndex = 0; lastKnownFileType = sourcecode.c.h; name = CDVWKProcessPoolFactory.h; path = "cordova-plugin-wkwebview-engine/CDVWKProcessPoolFactory.h"; sourceTree = "<group>"; };
		DC3D8523D78D4A03BB86AABF /* CDVDevice.h */ = {isa = PBXFileReference; explicitFileType = undefined; fileEncoding = 4; includeInIndex = 0; lastKnownFileType = sourcecode.c.h; name = CDVDevice.h; path = "cordova-plugin-device/CDVDevice.h"; sourceTree = "<group>"; };
		DD38C00C8A8747ABB6E4021F /* CDVLogger.h */ = {isa = PBXFileReference; explicitFileType = undefined; fileEncoding = 4; includeInIndex = 0; lastKnownFileType = sourcecode.c.h; name = CDVLogger.h; path = "cordova-plugin-console/CDVLogger.h"; sourceTree = "<group>"; };
		E04B1F094F1A4A13B8A926D9 /* CDVStatusBar.m */ = {isa = PBXFileReference; explicitFileType = undefined; fileEncoding = 4; includeInIndex = 0; lastKnownFileType = sourcecode.c.objc; name = CDVStatusBar.m; path = "cordova-plugin-statusbar/CDVStatusBar.m"; sourceTree = "<group>"; };
		E0B5779FEC5C4BD9BE5C7329 /* CDVWKProcessPoolFactory.m */ = {isa = PBXFileReference; explicitFileType = undefined; fileEncoding = 4; includeInIndex = 0; lastKnownFileType = sourcecode.c.objc; name = CDVWKProcessPoolFactory.m; path = "cordova-plugin-wkwebview-engine/CDVWKProcessPoolFactory.m"; sourceTree = "<group>"; };
		E68BDD06FB144D4891E4ACDD /* IonicKeyboard.h */ = {isa = PBXFileReference; explicitFileType = undefined; fileEncoding = 4; includeInIndex = 0; lastKnownFileType = sourcecode.c.h; name = IonicKeyboard.h; path = "ionic-plugin-keyboard/IonicKeyboard.h"; sourceTree = "<group>"; };
		E80BCC2927394EE8A7DE54C9 /* GCDWebServerURLEncodedFormRequest.h */ = {isa = PBXFileReference; explicitFileType = undefined; fileEncoding = 4; includeInIndex = 0; lastKnownFileType = sourcecode.c.h; name = GCDWebServerURLEncodedFormRequest.h; path = "cordova-plugin-wkwebview-engine/GCDWebServerURLEncodedFormRequest.h"; sourceTree = "<group>"; };
		E8F2222F022048629C1738A0 /* NSString+SSURLEncoding.m */ = {isa = PBXFileReference; explicitFileType = undefined; fileEncoding = 4; includeInIndex = 0; lastKnownFileType = sourcecode.c.objc; name = "NSString+SSURLEncoding.m"; path = "cordova-plugin-x-socialsharing/NSString+SSURLEncoding.m"; sourceTree = "<group>"; };
		EA869BFC0B5040519D1D338E /* Calendar.h */ = {isa = PBXFileReference; explicitFileType = undefined; fileEncoding = 4; includeInIndex = 0; lastKnownFileType = sourcecode.c.h; name = Calendar.h; path = "cordova-plugin-calendar/Calendar.h"; sourceTree = "<group>"; };
		EB87FDF31871DA8E0020F90C /* www */ = {isa = PBXFileReference; lastKnownFileType = folder; name = www; path = ../../www; sourceTree = "<group>"; };
		EB87FDF41871DAF40020F90C /* config.xml */ = {isa = PBXFileReference; lastKnownFileType = text.xml; name = config.xml; path = ../../config.xml; sourceTree = "<group>"; };
		ED33DF2A687741AEAF9F8254 /* Bridging-Header.h */ = {isa = PBXFileReference; fileEncoding = 4; lastKnownFileType = sourcecode.c.h; path = "Bridging-Header.h"; sourceTree = "<group>"; };
		EFF81E1257C04B4AB52BB0A2 /* IonicKeyboard.m */ = {isa = PBXFileReference; explicitFileType = undefined; fileEncoding = 4; includeInIndex = 0; lastKnownFileType = sourcecode.c.objc; name = IonicKeyboard.m; path = "ionic-plugin-keyboard/IonicKeyboard.m"; sourceTree = "<group>"; };
		F34A7D8CEA524EF6B3FD0877 /* GCDWebServerFunctions.m */ = {isa = PBXFileReference; explicitFileType = undefined; fileEncoding = 4; includeInIndex = 0; lastKnownFileType = sourcecode.c.objc; name = GCDWebServerFunctions.m; path = "cordova-plugin-wkwebview-engine/GCDWebServerFunctions.m"; sourceTree = "<group>"; };
		F35506C24BE94CED92E4C619 /* GCDWebServerFileRequest.m */ = {isa = PBXFileReference; explicitFileType = undefined; fileEncoding = 4; includeInIndex = 0; lastKnownFileType = sourcecode.c.objc; name = GCDWebServerFileRequest.m; path = "cordova-plugin-wkwebview-engine/GCDWebServerFileRequest.m"; sourceTree = "<group>"; };
		F840E1F0165FE0F500CFE078 /* config.xml */ = {isa = PBXFileReference; lastKnownFileType = text.xml; name = config.xml; path = "PostScript Data/config.xml"; sourceTree = "<group>"; };
		FCE6682CD8E94152A2F6BD46 /* WebKit.framework */ = {isa = PBXFileReference; explicitFileType = undefined; fileEncoding = 9; includeInIndex = 0; lastKnownFileType = wrapper.framework; name = WebKit.framework; path = System/Library/Frameworks/WebKit.framework; sourceTree = SDKROOT; };
/* End PBXFileReference section */

/* Begin PBXFrameworksBuildPhase section */
		1D60588F0D05DD3D006BFB54 /* Frameworks */ = {
			isa = PBXFrameworksBuildPhase;
			buildActionMask = 2147483647;
			files = (
				301BF552109A68D80062928A /* libCordova.a in Frameworks */,
				5A34E27021BA4D1F8B21805A /* EventKit.framework in Frameworks */,
				357224B8F8B04B5FA77AE527 /* EventKitUI.framework in Frameworks */,
				E52C0FD4789C45C18E3C3A6A /* WebKit.framework in Frameworks */,
				D0243A99029A4EF79AC24D8E /* libz.tbd in Frameworks */,
				D12989ED3AC84997A6A9BF8D /* Social.framework in Frameworks */,
				98C0DCF39B104960BB35757D /* MessageUI.framework in Frameworks */,
			);
			runOnlyForDeploymentPostprocessing = 0;
		};
/* End PBXFrameworksBuildPhase section */

/* Begin PBXGroup section */
		080E96DDFE201D6D7F000001 /* Classes */ = {
			isa = PBXGroup;
			children = (
				302D95EE14D2391D003F00A1 /* MainViewController.h */,
				302D95EF14D2391D003F00A1 /* MainViewController.m */,
				302D95F014D2391D003F00A1 /* MainViewController.xib */,
				1D3623240D0F684500981E51 /* AppDelegate.h */,
				1D3623250D0F684500981E51 /* AppDelegate.m */,
			);
			name = Classes;
			path = "PostScript Data/Classes";
			sourceTree = SOURCE_ROOT;
		};
		19C28FACFE9D520D11CA2CBB /* Products */ = {
			isa = PBXGroup;
			children = (
				1D6058910D05DD3D006BFB54 /* PostScript Data.app */,
			);
			name = Products;
			sourceTree = "<group>";
		};
		29B97314FDCFA39411CA2CEA /* CustomTemplate */ = {
			isa = PBXGroup;
			children = (
				EB87FDF41871DAF40020F90C /* config.xml */,
				EB87FDF31871DA8E0020F90C /* www */,
				EB87FDF11871DA420020F90C /* Staging */,
				301BF52D109A57CC0062928A /* CordovaLib/CordovaLib.xcodeproj */,
				080E96DDFE201D6D7F000001 /* Classes */,
				307C750510C5A3420062BCA9 /* Plugins */,
				29B97315FDCFA39411CA2CEA /* Other Sources */,
				29B97317FDCFA39411CA2CEA /* Resources */,
				29B97323FDCFA39411CA2CEA /* Frameworks */,
				19C28FACFE9D520D11CA2CBB /* Products */,
			);
			name = CustomTemplate;
			sourceTree = "<group>";
		};
		29B97315FDCFA39411CA2CEA /* Other Sources */ = {
			isa = PBXGroup;
			children = (
				32CA4F630368D1EE00C91783 /* PostScript Data-Prefix.pch */,
				29B97316FDCFA39411CA2CEA /* main.m */,
				ED33DF2A687741AEAF9F8254 /* Bridging-Header.h */,
			);
			name = "Other Sources";
			path = "PostScript Data";
			sourceTree = "<group>";
		};
		29B97317FDCFA39411CA2CEA /* Resources */ = {
			isa = PBXGroup;
			children = (
				0207DA571B56EA530066E2B4 /* Images.xcassets */,
				3047A50E1AB8057F00498E2A /* config */,
				8D1107310486CEB800E47090 /* PostScript Data-Info.plist */,
				6AFF5BF81D6E424B00AB3073 /* CDVLaunchScreen.storyboard */,
				0E33055EF6B8415AB0B558EF /* DatePicker.xib */,
			);
			name = Resources;
			path = "PostScript Data/Resources";
			sourceTree = "<group>";
		};
		29B97323FDCFA39411CA2CEA /* Frameworks */ = {
			isa = PBXGroup;
			children = (
				D0F4828D6DDD49CDBE142917 /* EventKit.framework */,
				B9131CB7435645CF86B2C0D8 /* EventKitUI.framework */,
				FCE6682CD8E94152A2F6BD46 /* WebKit.framework */,
				6264B5807127439F806E9B9B /* libz.tbd */,
				2101E25CE3D045FA9CF3EB2B /* Social.framework */,
				BEC16E14F9714913AA8AAE30 /* MessageUI.framework */,
			);
			name = Frameworks;
			sourceTree = "<group>";
		};
		301BF52E109A57CC0062928A /* Products */ = {
			isa = PBXGroup;
			children = (
				301BF535109A57CC0062928A /* libCordova.a */,
				C58F4EAB1F5863ED0056EC91 /* Cordova.framework */,
			);
			name = Products;
			sourceTree = "<group>";
		};
		3047A50E1AB8057F00498E2A /* config */ = {
			isa = PBXGroup;
			children = (
				3047A50F1AB8059700498E2A /* build-debug.xcconfig */,
				3047A5101AB8059700498E2A /* build-release.xcconfig */,
				3047A5111AB8059700498E2A /* build.xcconfig */,
			);
			name = config;
			sourceTree = "<group>";
		};
		307C750510C5A3420062BCA9 /* Plugins */ = {
			isa = PBXGroup;
			children = (
				AF2A5E4FA67B411795E86A21 /* CFCallNumber.m */,
				C4C1402823324EA58033AC27 /* CFCallNumber.h */,
				97588E246358427D8C6FCAB5 /* Calendar.m */,
				EA869BFC0B5040519D1D338E /* Calendar.h */,
				B8507416E1E144CFA11CF1DD /* CDVLogger.m */,
				DD38C00C8A8747ABB6E4021F /* CDVLogger.h */,
				7EE85A5970924866B4487021 /* DatePicker.m */,
				22BFC1A41025449DA00E40E7 /* DatePicker.h */,
				73D93AC50CC140248F365DBF /* CDVDevice.m */,
				DC3D8523D78D4A03BB86AABF /* CDVDevice.h */,
				43C052ED50FA4FB5AE59DC20 /* CDVInAppBrowser.m */,
				74C97261740148D3B09D7D06 /* CDVInAppBrowser.h */,
				7F534262A8E943E980ECBF3B /* CDVSplashScreen.m */,
				B88D48397FEE42ACAE9BE67D /* CDVViewController+SplashScreen.m */,
				9BA814E7AED546A1AE627054 /* CDVSplashScreen.h */,
				9916F9434C7840F5847C5275 /* CDVViewController+SplashScreen.h */,
				E04B1F094F1A4A13B8A926D9 /* CDVStatusBar.m */,
				C025994715AD4676A5A81F9F /* CDVStatusBar.h */,
				A6F9B92E4ECD446E8075321A /* CDVWKWebViewEngine.m */,
				88A081ACA94F41838BD7FF43 /* CDVWKWebViewUIDelegate.m */,
				E0B5779FEC5C4BD9BE5C7329 /* CDVWKProcessPoolFactory.m */,
				2CBF2BE4D12B41CE863D9F75 /* GCDWebServer.m */,
				9BECDC018BB048C58D26FF4D /* GCDWebServerConnection.m */,
				F34A7D8CEA524EF6B3FD0877 /* GCDWebServerFunctions.m */,
				561778E4FB6040119B3D5A20 /* GCDWebServerRequest.m */,
				74147352157542488554C5F8 /* GCDWebServerResponse.m */,
				292922E2D16649DE9C94F97A /* GCDWebServerDataRequest.m */,
				F35506C24BE94CED92E4C619 /* GCDWebServerFileRequest.m */,
				5A145D9AD0FB40589E427F3E /* GCDWebServerMultiPartFormRequest.m */,
				D3051A8877C5443A99EDAA8F /* GCDWebServerURLEncodedFormRequest.m */,
				179DFDDA710946E89FA786A4 /* GCDWebServerDataResponse.m */,
				30A6995ECB96477DB0A7E231 /* GCDWebServerErrorResponse.m */,
				950023B02C5C41D0A0F97E57 /* GCDWebServerFileResponse.m */,
				64E947FA1C6D4DBF9550F873 /* GCDWebServerStreamedResponse.m */,
				0270EB50E61548C5AA2682DA /* CDVWKWebViewEngine.h */,
				C67B327B7FF0404F80ABF584 /* CDVWKWebViewUIDelegate.h */,
				D3E7339EF26040F186A51EE6 /* CDVWKProcessPoolFactory.h */,
				BF8800D6FF004315B1CB3DA8 /* GCDWebServer.h */,
				2551ACE09648465A935ED9C3 /* GCDWebServerConnection.h */,
				94121F0A82CF4E2B9A61E392 /* GCDWebServerFunctions.h */,
				4F2C6B3088B24E6F96660BF6 /* GCDWebServerHTTPStatusCodes.h */,
				4CBF568EC96A4436A3184E11 /* GCDWebServerPrivate.h */,
				71C84B209AF34FF3ADA2C09C /* GCDWebServerRequest.h */,
				1B1DBC343C5642E582E5F232 /* GCDWebServerResponse.h */,
				4BFC11321BC24106AADD449D /* GCDWebServerDataRequest.h */,
				8144D39E5A024B97A9268BA9 /* GCDWebServerFileRequest.h */,
				6BF9A8C7A8204A99BF30F8B3 /* GCDWebServerMultiPartFormRequest.h */,
				E80BCC2927394EE8A7DE54C9 /* GCDWebServerURLEncodedFormRequest.h */,
				78C1BAB44898470694B6428F /* GCDWebServerDataResponse.h */,
				8C9F44F30B22461980EF1961 /* GCDWebServerErrorResponse.h */,
				069195DC4F8E4781A797CFF5 /* GCDWebServerFileResponse.h */,
				CB35F16406EA441D8CDE7943 /* GCDWebServerStreamedResponse.h */,
				E8F2222F022048629C1738A0 /* NSString+SSURLEncoding.m */,
				2172979E6B2F4191B683B27E /* SocialSharing.m */,
				07DA1D466A774A858460448C /* NSString+SSURLEncoding.h */,
				31535696890D45219633DE9F /* SocialSharing.h */,
				EFF81E1257C04B4AB52BB0A2 /* IonicKeyboard.m */,
				E68BDD06FB144D4891E4ACDD /* IonicKeyboard.h */,
			);
			name = Plugins;
			path = "PostScript Data/Plugins";
			sourceTree = SOURCE_ROOT;
		};
		EB87FDF11871DA420020F90C /* Staging */ = {
			isa = PBXGroup;
			children = (
				F840E1F0165FE0F500CFE078 /* config.xml */,
				301BF56E109A69640062928A /* www */,
			);
			name = Staging;
			sourceTree = "<group>";
		};
/* End PBXGroup section */

/* Begin PBXNativeTarget section */
		1D6058900D05DD3D006BFB54 /* PostScript Data */ = {
			isa = PBXNativeTarget;
			buildConfigurationList = 1D6058960D05DD3E006BFB54 /* Build configuration list for PBXNativeTarget "PostScript Data" */;
			buildPhases = (
				304B58A110DAC018002A0835 /* Copy www directory */,
				1D60588D0D05DD3D006BFB54 /* Resources */,
				1D60588E0D05DD3D006BFB54 /* Sources */,
				1D60588F0D05DD3D006BFB54 /* Frameworks */,
			);
			buildRules = (
			);
			dependencies = (
				301BF551109A68C00062928A /* PBXTargetDependency */,
			);
			name = "PostScript Data";
			productName = "PostScript Data";
			productReference = 1D6058910D05DD3D006BFB54 /* PostScript Data.app */;
			productType = "com.apple.product-type.application";
		};
/* End PBXNativeTarget section */

/* Begin PBXProject section */
		29B97313FDCFA39411CA2CEA /* Project object */ = {
			isa = PBXProject;
			attributes = {
				LastUpgradeCheck = 510;
				TargetAttributes = {
					1D6058900D05DD3D006BFB54 = {
						DevelopmentTeam = AHYJBSC9Y6;
					};
				};
			};
			buildConfigurationList = C01FCF4E08A954540054247B /* Build configuration list for PBXProject "PostScript Data" */;
			compatibilityVersion = "Xcode 3.2";
			developmentRegion = English;
			hasScannedForEncodings = 1;
			knownRegions = (
				en,
			);
			mainGroup = 29B97314FDCFA39411CA2CEA /* CustomTemplate */;
			projectDirPath = "";
			projectReferences = (
				{
					ProductGroup = 301BF52E109A57CC0062928A /* Products */;
					ProjectRef = 301BF52D109A57CC0062928A /* CordovaLib/CordovaLib.xcodeproj */;
				},
			);
			projectRoot = "";
			targets = (
				1D6058900D05DD3D006BFB54 /* PostScript Data */,
			);
		};
/* End PBXProject section */

/* Begin PBXReferenceProxy section */
		301BF535109A57CC0062928A /* libCordova.a */ = {
			isa = PBXReferenceProxy;
			fileType = archive.ar;
			path = libCordova.a;
			remoteRef = 301BF534109A57CC0062928A /* PBXContainerItemProxy */;
			sourceTree = BUILT_PRODUCTS_DIR;
		};
		C58F4EAB1F5863ED0056EC91 /* Cordova.framework */ = {
			isa = PBXReferenceProxy;
			fileType = wrapper.framework;
			path = Cordova.framework;
			remoteRef = C58F4EAA1F5863ED0056EC91 /* PBXContainerItemProxy */;
			sourceTree = BUILT_PRODUCTS_DIR;
		};
/* End PBXReferenceProxy section */

/* Begin PBXResourcesBuildPhase section */
		1D60588D0D05DD3D006BFB54 /* Resources */ = {
			isa = PBXResourcesBuildPhase;
			buildActionMask = 2147483647;
			files = (
				302D95F214D2391D003F00A1 /* MainViewController.xib in Resources */,
				0207DA581B56EA530066E2B4 /* Images.xcassets in Resources */,
				6AFF5BF91D6E424B00AB3073 /* CDVLaunchScreen.storyboard in Resources */,
				CA04EFBD49B64942A83BA18C /* DatePicker.xib in Resources */,
			);
			runOnlyForDeploymentPostprocessing = 0;
		};
/* End PBXResourcesBuildPhase section */

/* Begin PBXShellScriptBuildPhase section */
		304B58A110DAC018002A0835 /* Copy www directory */ = {
			isa = PBXShellScriptBuildPhase;
			buildActionMask = 2147483647;
			files = (
			);
			inputPaths = (
			);
			name = "Copy www directory";
			outputPaths = (
			);
			runOnlyForDeploymentPostprocessing = 0;
			shellPath = /bin/sh;
			shellScript = "NODEJS_PATH=/usr/local/bin; NVM_NODE_PATH=~/.nvm/versions/node/`nvm version 2>/dev/null`/bin; N_NODE_PATH=`find /usr/local/n/versions/node/* -maxdepth 0 -type d 2>/dev/null | tail -1`/bin; XCODE_NODE_PATH=`xcode-select --print-path`/usr/share/xcs/Node/bin; PATH=$NODEJS_PATH:$NVM_NODE_PATH:$N_NODE_PATH:$XCODE_NODE_PATH:$PATH && node cordova/lib/copy-www-build-step.js";
			showEnvVarsInLog = 0;
		};
/* End PBXShellScriptBuildPhase section */

/* Begin PBXSourcesBuildPhase section */
		1D60588E0D05DD3D006BFB54 /* Sources */ = {
			isa = PBXSourcesBuildPhase;
			buildActionMask = 2147483647;
			files = (
				1D60589B0D05DD56006BFB54 /* main.m in Sources */,
				1D3623260D0F684500981E51 /* AppDelegate.m in Sources */,
				302D95F114D2391D003F00A1 /* MainViewController.m in Sources */,
				76B75E47CBC04395B085F500 /* CFCallNumber.m in Sources */,
				C93255CC3ED0434AA590C5CB /* Calendar.m in Sources */,
				B9681FF893BC410EB61C61B1 /* CDVLogger.m in Sources */,
				9F2944CD0E4F4086963A8C50 /* DatePicker.m in Sources */,
				94E89EDA57FB49C6A6B8F3B3 /* CDVDevice.m in Sources */,
				E4BE7B2C51FC40F2B09A18AE /* CDVInAppBrowser.m in Sources */,
				EF29E27792F24B5BA33658AE /* CDVSplashScreen.m in Sources */,
				A00CB5B338F5457E8E3F7221 /* CDVViewController+SplashScreen.m in Sources */,
				C591C8F74418470FA2C5D2FF /* CDVStatusBar.m in Sources */,
				DA0673F2BE3E4BDF9B39496F /* CDVWKWebViewEngine.m in Sources */,
				9017D8191B474C0394E9E1AE /* CDVWKWebViewUIDelegate.m in Sources */,
				41D296DE22AB47E194FA25F3 /* CDVWKProcessPoolFactory.m in Sources */,
				371D5983A4E94BF79AF9E6CD /* GCDWebServer.m in Sources */,
				4F0BE77D5D7544DB9A87EA34 /* GCDWebServerConnection.m in Sources */,
				5C68866D10FD4EF0AF2BFDD8 /* GCDWebServerFunctions.m in Sources */,
				D4DAA003E199414C9A58394D /* GCDWebServerRequest.m in Sources */,
				72FCF2752C434DCA8D337CD3 /* GCDWebServerResponse.m in Sources */,
				9C62802356AC41E29DB92917 /* GCDWebServerDataRequest.m in Sources */,
				BF7F8A6E32864932B6B5F637 /* GCDWebServerFileRequest.m in Sources */,
				71134FFF73E042F39CBE351E /* GCDWebServerMultiPartFormRequest.m in Sources */,
				FD011149DBEF48DB83B548FA /* GCDWebServerURLEncodedFormRequest.m in Sources */,
				3915C7A2C0D94675AE65728B /* GCDWebServerDataResponse.m in Sources */,
				256E4853968341D39A0AF401 /* GCDWebServerErrorResponse.m in Sources */,
				04D4AD5B0AE1465B9F487458 /* GCDWebServerFileResponse.m in Sources */,
				7DFA166E35D9487F88596886 /* GCDWebServerStreamedResponse.m in Sources */,
				F5B2D464D20E44C7B42B639F /* NSString+SSURLEncoding.m in Sources */,
				8AACE96C96904F26802BD575 /* SocialSharing.m in Sources */,
				AC6AFA3C71334EB1A1D2DBB4 /* IonicKeyboard.m in Sources */,
			);
			runOnlyForDeploymentPostprocessing = 0;
		};
/* End PBXSourcesBuildPhase section */

/* Begin PBXTargetDependency section */
		301BF551109A68C00062928A /* PBXTargetDependency */ = {
			isa = PBXTargetDependency;
			name = CordovaLib;
			targetProxy = 301BF550109A68C00062928A /* PBXContainerItemProxy */;
		};
/* End PBXTargetDependency section */

/* Begin XCBuildConfiguration section */
		1D6058940D05DD3E006BFB54 /* Debug */ = {
			isa = XCBuildConfiguration;
			baseConfigurationReference = 3047A50F1AB8059700498E2A /* build-debug.xcconfig */;
			buildSettings = {
				ALWAYS_SEARCH_USER_PATHS = NO;
				ASSETCATALOG_COMPILER_APPICON_NAME = AppIcon;
				ASSETCATALOG_COMPILER_LAUNCHIMAGE_NAME = LaunchImage;
				CLANG_ENABLE_MODULES = YES;
				CLANG_ENABLE_OBJC_ARC = YES;
				COPY_PHASE_STRIP = NO;
				DEVELOPMENT_TEAM = AHYJBSC9Y6;
				GCC_DYNAMIC_NO_PIC = NO;
				GCC_OPTIMIZATION_LEVEL = 0;
				GCC_PRECOMPILE_PREFIX_HEADER = YES;
				GCC_PREFIX_HEADER = "PostScript Data/PostScript Data-Prefix.pch";
				GCC_THUMB_SUPPORT = NO;
				GCC_VERSION = "";
				INFOPLIST_FILE = "PostScript Data/PostScript Data-Info.plist";
				IPHONEOS_DEPLOYMENT_TARGET = 9.0;
				LD_RUNPATH_SEARCH_PATHS = "@executable_path/Frameworks";
				PRODUCT_NAME = "PostScript Data";
				TARGETED_DEVICE_FAMILY = "1,2";
			};
			name = Debug;
		};
		1D6058950D05DD3E006BFB54 /* Release */ = {
			isa = XCBuildConfiguration;
			baseConfigurationReference = 3047A5101AB8059700498E2A /* build-release.xcconfig */;
			buildSettings = {
				ALWAYS_SEARCH_USER_PATHS = NO;
				ASSETCATALOG_COMPILER_APPICON_NAME = AppIcon;
				ASSETCATALOG_COMPILER_LAUNCHIMAGE_NAME = LaunchImage;
				CLANG_ENABLE_MODULES = YES;
				CLANG_ENABLE_OBJC_ARC = YES;
				COPY_PHASE_STRIP = YES;
				DEVELOPMENT_TEAM = AHYJBSC9Y6;
				GCC_PRECOMPILE_PREFIX_HEADER = YES;
				GCC_PREFIX_HEADER = "PostScript Data/PostScript Data-Prefix.pch";
				GCC_THUMB_SUPPORT = NO;
				GCC_VERSION = "";
				INFOPLIST_FILE = "PostScript Data/PostScript Data-Info.plist";
				IPHONEOS_DEPLOYMENT_TARGET = 9.0;
				LD_RUNPATH_SEARCH_PATHS = "@executable_path/Frameworks";
				PRODUCT_NAME = "PostScript Data";
				TARGETED_DEVICE_FAMILY = "1,2";
			};
			name = Release;
		};
		C01FCF4F08A954540054247B /* Debug */ = {
			isa = XCBuildConfiguration;
			baseConfigurationReference = 3047A5111AB8059700498E2A /* build.xcconfig */;
			buildSettings = {
				ASSETCATALOG_COMPILER_LAUNCHIMAGE_NAME = LaunchImage;
				CLANG_ENABLE_MODULES = YES;
				CLANG_ENABLE_OBJC_ARC = YES;
				CLANG_WARN_BOOL_CONVERSION = YES;
				CLANG_WARN_CONSTANT_CONVERSION = YES;
				CLANG_WARN_EMPTY_BODY = YES;
				CLANG_WARN_ENUM_CONVERSION = YES;
				CLANG_WARN_INT_CONVERSION = YES;
				CLANG_WARN__DUPLICATE_METHOD_MATCH = YES;
				GCC_C_LANGUAGE_STANDARD = c99;
				GCC_THUMB_SUPPORT = NO;
				GCC_VERSION = "";
				GCC_WARN_ABOUT_RETURN_TYPE = YES;
				GCC_WARN_UNDECLARED_SELECTOR = YES;
				GCC_WARN_UNINITIALIZED_AUTOS = YES;
				GCC_WARN_UNUSED_FUNCTION = YES;
				GCC_WARN_UNUSED_VARIABLE = YES;
				ONLY_ACTIVE_ARCH = YES;
				SDKROOT = iphoneos;
				SKIP_INSTALL = NO;
			};
			name = Debug;
		};
		C01FCF5008A954540054247B /* Release */ = {
			isa = XCBuildConfiguration;
			baseConfigurationReference = 3047A5111AB8059700498E2A /* build.xcconfig */;
			buildSettings = {
				ASSETCATALOG_COMPILER_LAUNCHIMAGE_NAME = LaunchImage;
				CLANG_ENABLE_MODULES = YES;
				CLANG_ENABLE_OBJC_ARC = YES;
				CLANG_WARN_BOOL_CONVERSION = YES;
				CLANG_WARN_CONSTANT_CONVERSION = YES;
				CLANG_WARN_EMPTY_BODY = YES;
				CLANG_WARN_ENUM_CONVERSION = YES;
				CLANG_WARN_INT_CONVERSION = YES;
				CLANG_WARN__DUPLICATE_METHOD_MATCH = YES;
				GCC_C_LANGUAGE_STANDARD = c99;
				GCC_THUMB_SUPPORT = NO;
				GCC_VERSION = "";
				GCC_WARN_ABOUT_RETURN_TYPE = YES;
				GCC_WARN_UNDECLARED_SELECTOR = YES;
				GCC_WARN_UNINITIALIZED_AUTOS = YES;
				GCC_WARN_UNUSED_FUNCTION = YES;
				GCC_WARN_UNUSED_VARIABLE = YES;
				SDKROOT = iphoneos;
				SKIP_INSTALL = NO;
			};
			name = Release;
		};
/* End XCBuildConfiguration section */

/* Begin XCConfigurationList section */
		1D6058960D05DD3E006BFB54 /* Build configuration list for PBXNativeTarget "PostScript Data" */ = {
			isa = XCConfigurationList;
			buildConfigurations = (
				1D6058940D05DD3E006BFB54 /* Debug */,
				1D6058950D05DD3E006BFB54 /* Release */,
			);
			defaultConfigurationIsVisible = 0;
			defaultConfigurationName = Release;
		};
		C01FCF4E08A954540054247B /* Build configuration list for PBXProject "PostScript Data" */ = {
			isa = XCConfigurationList;
			buildConfigurations = (
				C01FCF4F08A954540054247B /* Debug */,
				C01FCF5008A954540054247B /* Release */,
			);
			defaultConfigurationIsVisible = 0;
			defaultConfigurationName = Release;
		};
/* End XCConfigurationList section */
	};
	rootObject = 29B97313FDCFA39411CA2CEA /* Project object */;
}
